// !$*UTF8*$!
{
	archiveVersion = 1;
	classes = {
	};
	objectVersion = 56;
	objects = {

/* Begin PBXBuildFile section */
		51000051299B3E9500BFBC1E /* Alerts.swift in Sources */ = {isa = PBXBuildFile; fileRef = 51000050299B3E9500BFBC1E /* Alerts.swift */; };
		515499CB2995D4CA00A60713 /* HomeRentalManagerApp.swift in Sources */ = {isa = PBXBuildFile; fileRef = 515499CA2995D4CA00A60713 /* HomeRentalManagerApp.swift */; };
		515499CD2995D4CA00A60713 /* ContentView.swift in Sources */ = {isa = PBXBuildFile; fileRef = 515499CC2995D4CA00A60713 /* ContentView.swift */; };
		515499CF2995D4CB00A60713 /* Assets.xcassets in Resources */ = {isa = PBXBuildFile; fileRef = 515499CE2995D4CB00A60713 /* Assets.xcassets */; };
		515499D22995D4CB00A60713 /* Preview Assets.xcassets in Resources */ = {isa = PBXBuildFile; fileRef = 515499D12995D4CB00A60713 /* Preview Assets.xcassets */; };
		515499DC2995D4CB00A60713 /* DogEncyclopediaTests.swift in Sources */ = {isa = PBXBuildFile; fileRef = 515499DB2995D4CB00A60713 /* DogEncyclopediaTests.swift */; };
		515499E62995D4CB00A60713 /* DogEncyclopediaUITests.swift in Sources */ = {isa = PBXBuildFile; fileRef = 515499E52995D4CB00A60713 /* DogEncyclopediaUITests.swift */; };
		515499E82995D4CB00A60713 /* DogEncyclopediaUITestsLaunchTests.swift in Sources */ = {isa = PBXBuildFile; fileRef = 515499E72995D4CB00A60713 /* DogEncyclopediaUITestsLaunchTests.swift */; };
		517A9BF22999B9D900620EBD /* ElectricityBillView.swift in Sources */ = {isa = PBXBuildFile; fileRef = 517A9BF12999B9D900620EBD /* ElectricityBillView.swift */; };
		517A9BF42999BF1F00620EBD /* SimpleReportView.swift in Sources */ = {isa = PBXBuildFile; fileRef = 517A9BF32999BF1F00620EBD /* SimpleReportView.swift */; };
		517A9BF62999D48D00620EBD /* ElectricityBillViewModel.swift in Sources */ = {isa = PBXBuildFile; fileRef = 517A9BF52999D48D00620EBD /* ElectricityBillViewModel.swift */; };
		517A9BF82999D4C000620EBD /* ElectricityBillMockData.swift in Sources */ = {isa = PBXBuildFile; fileRef = 517A9BF72999D4C000620EBD /* ElectricityBillMockData.swift */; };
		517A9BFA2999D50100620EBD /* ElectricityBillFormView.swift in Sources */ = {isa = PBXBuildFile; fileRef = 517A9BF92999D50100620EBD /* ElectricityBillFormView.swift */; };
		517A9BFC2999D53400620EBD /* ElectricityBillFormMockData.swift in Sources */ = {isa = PBXBuildFile; fileRef = 517A9BFB2999D53400620EBD /* ElectricityBillFormMockData.swift */; };
		517A9BFE2999D54C00620EBD /* ElectricityBillFormViewModel.swift in Sources */ = {isa = PBXBuildFile; fileRef = 517A9BFD2999D54C00620EBD /* ElectricityBillFormViewModel.swift */; };
		517A9C002999D59100620EBD /* ElectricityBillModel.swift in Sources */ = {isa = PBXBuildFile; fileRef = 517A9BFF2999D59100620EBD /* ElectricityBillModel.swift */; };
		517A9C022999D6ED00620EBD /* ElectricityBillObjectModel.swift in Sources */ = {isa = PBXBuildFile; fileRef = 517A9C012999D6ED00620EBD /* ElectricityBillObjectModel.swift */; };
		517A9C042999DC6700620EBD /* InputDateView.swift in Sources */ = {isa = PBXBuildFile; fileRef = 517A9C032999DC6700620EBD /* InputDateView.swift */; };
		517A9C062999E0C500620EBD /* RoundRectangleButtonView.swift in Sources */ = {isa = PBXBuildFile; fileRef = 517A9C052999E0C500620EBD /* RoundRectangleButtonView.swift */; };
		517A9C082999E6E100620EBD /* Date+Extensions.swift in Sources */ = {isa = PBXBuildFile; fileRef = 517A9C072999E6E100620EBD /* Date+Extensions.swift */; };
		517A9C0A2999F57E00620EBD /* Double+Extensions.swift in Sources */ = {isa = PBXBuildFile; fileRef = 517A9C092999F57E00620EBD /* Double+Extensions.swift */; };
		518D24872995DB8800FB1A1C /* AppDelegate.swift in Sources */ = {isa = PBXBuildFile; fileRef = 518D24862995DB8800FB1A1C /* AppDelegate.swift */; };
		518D24892995DC8A00FB1A1C /* StartingView.swift in Sources */ = {isa = PBXBuildFile; fileRef = 518D24882995DC8A00FB1A1C /* StartingView.swift */; };
		518D248B2995DE7900FB1A1C /* MainTabsView.swift in Sources */ = {isa = PBXBuildFile; fileRef = 518D248A2995DE7900FB1A1C /* MainTabsView.swift */; };
		518D248E2995E45A00FB1A1C /* CardView.swift in Sources */ = {isa = PBXBuildFile; fileRef = 518D248D2995E45A00FB1A1C /* CardView.swift */; };
		518D24902995EB7100FB1A1C /* DCCachedAsyncImage.swift in Sources */ = {isa = PBXBuildFile; fileRef = 518D248F2995EB7100FB1A1C /* DCCachedAsyncImage.swift */; };
		518D24932995ED0200FB1A1C /* CachedAsyncImage in Frameworks */ = {isa = PBXBuildFile; productRef = 518D24922995ED0200FB1A1C /* CachedAsyncImage */; };
		518D24962995F3B800FB1A1C /* AppColors.xcassets in Resources */ = {isa = PBXBuildFile; fileRef = 518D24952995F3B800FB1A1C /* AppColors.xcassets */; };
		518D24982995F42300FB1A1C /* AppColor.swift in Sources */ = {isa = PBXBuildFile; fileRef = 518D24972995F42300FB1A1C /* AppColor.swift */; };
		518D249B2995F90400FB1A1C /* ViewGeometry.swift in Sources */ = {isa = PBXBuildFile; fileRef = 518D249A2995F90400FB1A1C /* ViewGeometry.swift */; };
		518D249D2995F9F900FB1A1C /* CardModel.swift in Sources */ = {isa = PBXBuildFile; fileRef = 518D249C2995F9F900FB1A1C /* CardModel.swift */; };
		518D24A02995FA2400FB1A1C /* CardViewModelMockData.swift in Sources */ = {isa = PBXBuildFile; fileRef = 518D249F2995FA2400FB1A1C /* CardViewModelMockData.swift */; };
		518D24A22995FA3900FB1A1C /* CardViewModel.swift in Sources */ = {isa = PBXBuildFile; fileRef = 518D24A12995FA3900FB1A1C /* CardViewModel.swift */; };
		518D24A42995FD2200FB1A1C /* RoundButtonView.swift in Sources */ = {isa = PBXBuildFile; fileRef = 518D24A32995FD2200FB1A1C /* RoundButtonView.swift */; };
		51BC87B4299878DB005DAFE0 /* HomeView.swift in Sources */ = {isa = PBXBuildFile; fileRef = 51BC87B3299878DB005DAFE0 /* HomeView.swift */; };
		51BC87B6299879FB005DAFE0 /* HomeViewModel.swift in Sources */ = {isa = PBXBuildFile; fileRef = 51BC87B5299879FB005DAFE0 /* HomeViewModel.swift */; };
		51BC87B829987A41005DAFE0 /* RentalModel.swift in Sources */ = {isa = PBXBuildFile; fileRef = 51BC87B729987A41005DAFE0 /* RentalModel.swift */; };
		51BC87BA29987B7D005DAFE0 /* HomeMockData.swift in Sources */ = {isa = PBXBuildFile; fileRef = 51BC87B929987B7D005DAFE0 /* HomeMockData.swift */; };
		51BC87BC29987F25005DAFE0 /* RentalFormView.swift in Sources */ = {isa = PBXBuildFile; fileRef = 51BC87BB29987F25005DAFE0 /* RentalFormView.swift */; };
		51BC87BE29987F9F005DAFE0 /* InputFieldView.swift in Sources */ = {isa = PBXBuildFile; fileRef = 51BC87BD29987F9F005DAFE0 /* InputFieldView.swift */; };
		51BC87C12998881D005DAFE0 /* Realm in Frameworks */ = {isa = PBXBuildFile; productRef = 51BC87C02998881D005DAFE0 /* Realm */; };
		51BC87C32998881D005DAFE0 /* RealmSwift in Frameworks */ = {isa = PBXBuildFile; productRef = 51BC87C22998881D005DAFE0 /* RealmSwift */; };
		51BC87C529988ACA005DAFE0 /* RentalFormViewModel.swift in Sources */ = {isa = PBXBuildFile; fileRef = 51BC87C429988ACA005DAFE0 /* RentalFormViewModel.swift */; };
		51BC87C729988B7A005DAFE0 /* RentalFormMockData.swift in Sources */ = {isa = PBXBuildFile; fileRef = 51BC87C629988B7A005DAFE0 /* RentalFormMockData.swift */; };
		51BC87CA29988F7C005DAFE0 /* RentalObjectModel.swift in Sources */ = {isa = PBXBuildFile; fileRef = 51BC87C929988F7C005DAFE0 /* RentalObjectModel.swift */; };
		51BC87CC299894CD005DAFE0 /* NSNotification+Extensions.swift in Sources */ = {isa = PBXBuildFile; fileRef = 51BC87CB299894CD005DAFE0 /* NSNotification+Extensions.swift */; };
		51BC87CE29989D02005DAFE0 /* EditableHomeRentalRow.swift in Sources */ = {isa = PBXBuildFile; fileRef = 51BC87CD29989D02005DAFE0 /* EditableHomeRentalRow.swift */; };
/* End PBXBuildFile section */

/* Begin PBXContainerItemProxy section */
		515499D82995D4CB00A60713 /* PBXContainerItemProxy */ = {
			isa = PBXContainerItemProxy;
			containerPortal = 515499BF2995D4CA00A60713 /* Project object */;
			proxyType = 1;
			remoteGlobalIDString = 515499C62995D4CA00A60713;
			remoteInfo = DogEncyclopedia;
		};
		515499E22995D4CB00A60713 /* PBXContainerItemProxy */ = {
			isa = PBXContainerItemProxy;
			containerPortal = 515499BF2995D4CA00A60713 /* Project object */;
			proxyType = 1;
			remoteGlobalIDString = 515499C62995D4CA00A60713;
			remoteInfo = DogEncyclopedia;
		};
/* End PBXContainerItemProxy section */

/* Begin PBXFileReference section */
		51000050299B3E9500BFBC1E /* Alerts.swift */ = {isa = PBXFileReference; lastKnownFileType = sourcecode.swift; path = Alerts.swift; sourceTree = "<group>"; };
		515499C72995D4CA00A60713 /* HomeRentalManager.app */ = {isa = PBXFileReference; explicitFileType = wrapper.application; includeInIndex = 0; path = HomeRentalManager.app; sourceTree = BUILT_PRODUCTS_DIR; };
		515499CA2995D4CA00A60713 /* HomeRentalManagerApp.swift */ = {isa = PBXFileReference; lastKnownFileType = sourcecode.swift; path = HomeRentalManagerApp.swift; sourceTree = "<group>"; };
		515499CC2995D4CA00A60713 /* ContentView.swift */ = {isa = PBXFileReference; lastKnownFileType = sourcecode.swift; path = ContentView.swift; sourceTree = "<group>"; };
		515499CE2995D4CB00A60713 /* Assets.xcassets */ = {isa = PBXFileReference; lastKnownFileType = folder.assetcatalog; path = Assets.xcassets; sourceTree = "<group>"; };
		515499D12995D4CB00A60713 /* Preview Assets.xcassets */ = {isa = PBXFileReference; lastKnownFileType = folder.assetcatalog; path = "Preview Assets.xcassets"; sourceTree = "<group>"; };
		515499D72995D4CB00A60713 /* HomeRentalManagerTests.xctest */ = {isa = PBXFileReference; explicitFileType = wrapper.cfbundle; includeInIndex = 0; path = HomeRentalManagerTests.xctest; sourceTree = BUILT_PRODUCTS_DIR; };
		515499DB2995D4CB00A60713 /* DogEncyclopediaTests.swift */ = {isa = PBXFileReference; lastKnownFileType = sourcecode.swift; path = DogEncyclopediaTests.swift; sourceTree = "<group>"; };
		515499E12995D4CB00A60713 /* HomeRentalManagerUITests.xctest */ = {isa = PBXFileReference; explicitFileType = wrapper.cfbundle; includeInIndex = 0; path = HomeRentalManagerUITests.xctest; sourceTree = BUILT_PRODUCTS_DIR; };
		515499E52995D4CB00A60713 /* DogEncyclopediaUITests.swift */ = {isa = PBXFileReference; lastKnownFileType = sourcecode.swift; path = DogEncyclopediaUITests.swift; sourceTree = "<group>"; };
		515499E72995D4CB00A60713 /* DogEncyclopediaUITestsLaunchTests.swift */ = {isa = PBXFileReference; lastKnownFileType = sourcecode.swift; path = DogEncyclopediaUITestsLaunchTests.swift; sourceTree = "<group>"; };
		517A9BF12999B9D900620EBD /* ElectricityBillView.swift */ = {isa = PBXFileReference; lastKnownFileType = sourcecode.swift; path = ElectricityBillView.swift; sourceTree = "<group>"; };
		517A9BF32999BF1F00620EBD /* SimpleReportView.swift */ = {isa = PBXFileReference; lastKnownFileType = sourcecode.swift; path = SimpleReportView.swift; sourceTree = "<group>"; };
		517A9BF52999D48D00620EBD /* ElectricityBillViewModel.swift */ = {isa = PBXFileReference; lastKnownFileType = sourcecode.swift; path = ElectricityBillViewModel.swift; sourceTree = "<group>"; };
		517A9BF72999D4C000620EBD /* ElectricityBillMockData.swift */ = {isa = PBXFileReference; lastKnownFileType = sourcecode.swift; path = ElectricityBillMockData.swift; sourceTree = "<group>"; };
		517A9BF92999D50100620EBD /* ElectricityBillFormView.swift */ = {isa = PBXFileReference; lastKnownFileType = sourcecode.swift; path = ElectricityBillFormView.swift; sourceTree = "<group>"; };
		517A9BFB2999D53400620EBD /* ElectricityBillFormMockData.swift */ = {isa = PBXFileReference; lastKnownFileType = sourcecode.swift; path = ElectricityBillFormMockData.swift; sourceTree = "<group>"; };
		517A9BFD2999D54C00620EBD /* ElectricityBillFormViewModel.swift */ = {isa = PBXFileReference; lastKnownFileType = sourcecode.swift; path = ElectricityBillFormViewModel.swift; sourceTree = "<group>"; };
		517A9BFF2999D59100620EBD /* ElectricityBillModel.swift */ = {isa = PBXFileReference; lastKnownFileType = sourcecode.swift; path = ElectricityBillModel.swift; sourceTree = "<group>"; };
		517A9C012999D6ED00620EBD /* ElectricityBillObjectModel.swift */ = {isa = PBXFileReference; lastKnownFileType = sourcecode.swift; path = ElectricityBillObjectModel.swift; sourceTree = "<group>"; };
		517A9C032999DC6700620EBD /* InputDateView.swift */ = {isa = PBXFileReference; lastKnownFileType = sourcecode.swift; path = InputDateView.swift; sourceTree = "<group>"; };
		517A9C052999E0C500620EBD /* RoundRectangleButtonView.swift */ = {isa = PBXFileReference; lastKnownFileType = sourcecode.swift; path = RoundRectangleButtonView.swift; sourceTree = "<group>"; };
		517A9C072999E6E100620EBD /* Date+Extensions.swift */ = {isa = PBXFileReference; lastKnownFileType = sourcecode.swift; path = "Date+Extensions.swift"; sourceTree = "<group>"; };
		517A9C092999F57E00620EBD /* Double+Extensions.swift */ = {isa = PBXFileReference; lastKnownFileType = sourcecode.swift; path = "Double+Extensions.swift"; sourceTree = "<group>"; };
		518D24862995DB8800FB1A1C /* AppDelegate.swift */ = {isa = PBXFileReference; lastKnownFileType = sourcecode.swift; path = AppDelegate.swift; sourceTree = "<group>"; };
		518D24882995DC8A00FB1A1C /* StartingView.swift */ = {isa = PBXFileReference; lastKnownFileType = sourcecode.swift; path = StartingView.swift; sourceTree = "<group>"; };
		518D248A2995DE7900FB1A1C /* MainTabsView.swift */ = {isa = PBXFileReference; lastKnownFileType = sourcecode.swift; path = MainTabsView.swift; sourceTree = "<group>"; };
		518D248D2995E45A00FB1A1C /* CardView.swift */ = {isa = PBXFileReference; lastKnownFileType = sourcecode.swift; path = CardView.swift; sourceTree = "<group>"; };
		518D248F2995EB7100FB1A1C /* DCCachedAsyncImage.swift */ = {isa = PBXFileReference; lastKnownFileType = sourcecode.swift; path = DCCachedAsyncImage.swift; sourceTree = "<group>"; };
		518D24952995F3B800FB1A1C /* AppColors.xcassets */ = {isa = PBXFileReference; lastKnownFileType = folder.assetcatalog; path = AppColors.xcassets; sourceTree = "<group>"; };
		518D24972995F42300FB1A1C /* AppColor.swift */ = {isa = PBXFileReference; lastKnownFileType = sourcecode.swift; path = AppColor.swift; sourceTree = "<group>"; };
		518D249A2995F90400FB1A1C /* ViewGeometry.swift */ = {isa = PBXFileReference; lastKnownFileType = sourcecode.swift; path = ViewGeometry.swift; sourceTree = "<group>"; };
		518D249C2995F9F900FB1A1C /* CardModel.swift */ = {isa = PBXFileReference; lastKnownFileType = sourcecode.swift; path = CardModel.swift; sourceTree = "<group>"; };
		518D249F2995FA2400FB1A1C /* CardViewModelMockData.swift */ = {isa = PBXFileReference; lastKnownFileType = sourcecode.swift; path = CardViewModelMockData.swift; sourceTree = "<group>"; };
		518D24A12995FA3900FB1A1C /* CardViewModel.swift */ = {isa = PBXFileReference; lastKnownFileType = sourcecode.swift; path = CardViewModel.swift; sourceTree = "<group>"; };
		518D24A32995FD2200FB1A1C /* RoundButtonView.swift */ = {isa = PBXFileReference; lastKnownFileType = sourcecode.swift; path = RoundButtonView.swift; sourceTree = "<group>"; };
		51BC87B3299878DB005DAFE0 /* HomeView.swift */ = {isa = PBXFileReference; lastKnownFileType = sourcecode.swift; path = HomeView.swift; sourceTree = "<group>"; };
		51BC87B5299879FB005DAFE0 /* HomeViewModel.swift */ = {isa = PBXFileReference; lastKnownFileType = sourcecode.swift; path = HomeViewModel.swift; sourceTree = "<group>"; };
		51BC87B729987A41005DAFE0 /* RentalModel.swift */ = {isa = PBXFileReference; lastKnownFileType = sourcecode.swift; path = RentalModel.swift; sourceTree = "<group>"; };
		51BC87B929987B7D005DAFE0 /* HomeMockData.swift */ = {isa = PBXFileReference; lastKnownFileType = sourcecode.swift; path = HomeMockData.swift; sourceTree = "<group>"; };
		51BC87BB29987F25005DAFE0 /* RentalFormView.swift */ = {isa = PBXFileReference; lastKnownFileType = sourcecode.swift; path = RentalFormView.swift; sourceTree = "<group>"; };
		51BC87BD29987F9F005DAFE0 /* InputFieldView.swift */ = {isa = PBXFileReference; lastKnownFileType = sourcecode.swift; path = InputFieldView.swift; sourceTree = "<group>"; };
		51BC87C429988ACA005DAFE0 /* RentalFormViewModel.swift */ = {isa = PBXFileReference; lastKnownFileType = sourcecode.swift; path = RentalFormViewModel.swift; sourceTree = "<group>"; };
		51BC87C629988B7A005DAFE0 /* RentalFormMockData.swift */ = {isa = PBXFileReference; lastKnownFileType = sourcecode.swift; path = RentalFormMockData.swift; sourceTree = "<group>"; };
		51BC87C929988F7C005DAFE0 /* RentalObjectModel.swift */ = {isa = PBXFileReference; lastKnownFileType = sourcecode.swift; path = RentalObjectModel.swift; sourceTree = "<group>"; };
		51BC87CB299894CD005DAFE0 /* NSNotification+Extensions.swift */ = {isa = PBXFileReference; lastKnownFileType = sourcecode.swift; path = "NSNotification+Extensions.swift"; sourceTree = "<group>"; };
		51BC87CD29989D02005DAFE0 /* EditableHomeRentalRow.swift */ = {isa = PBXFileReference; lastKnownFileType = sourcecode.swift; path = EditableHomeRentalRow.swift; sourceTree = "<group>"; };
/* End PBXFileReference section */

/* Begin PBXFrameworksBuildPhase section */
		515499C42995D4CA00A60713 /* Frameworks */ = {
			isa = PBXFrameworksBuildPhase;
			buildActionMask = 2147483647;
			files = (
				51BC87C32998881D005DAFE0 /* RealmSwift in Frameworks */,
				51BC87C12998881D005DAFE0 /* Realm in Frameworks */,
				518D24932995ED0200FB1A1C /* CachedAsyncImage in Frameworks */,
			);
			runOnlyForDeploymentPostprocessing = 0;
		};
		515499D42995D4CB00A60713 /* Frameworks */ = {
			isa = PBXFrameworksBuildPhase;
			buildActionMask = 2147483647;
			files = (
			);
			runOnlyForDeploymentPostprocessing = 0;
		};
		515499DE2995D4CB00A60713 /* Frameworks */ = {
			isa = PBXFrameworksBuildPhase;
			buildActionMask = 2147483647;
			files = (
			);
			runOnlyForDeploymentPostprocessing = 0;
		};
/* End PBXFrameworksBuildPhase section */

/* Begin PBXGroup section */
		515499BE2995D4CA00A60713 = {
			isa = PBXGroup;
			children = (
				515499C92995D4CA00A60713 /* HomeRentalManager */,
				515499DA2995D4CB00A60713 /* HomeRentalManagerTests */,
				515499E42995D4CB00A60713 /* HomeRentalManagerUITests */,
				515499C82995D4CA00A60713 /* Products */,
			);
			sourceTree = "<group>";
		};
		515499C82995D4CA00A60713 /* Products */ = {
			isa = PBXGroup;
			children = (
				515499C72995D4CA00A60713 /* HomeRentalManager.app */,
				515499D72995D4CB00A60713 /* HomeRentalManagerTests.xctest */,
				515499E12995D4CB00A60713 /* HomeRentalManagerUITests.xctest */,
			);
			name = Products;
			sourceTree = "<group>";
		};
		515499C92995D4CA00A60713 /* HomeRentalManager */ = {
			isa = PBXGroup;
			children = (
				515499CA2995D4CA00A60713 /* HomeRentalManagerApp.swift */,
				515499CE2995D4CB00A60713 /* Assets.xcassets */,
				518D24852995DB7C00FB1A1C /* Core */,
				518D248C2995E03D00FB1A1C /* Extensions */,
				518D249E2995FA0C00FB1A1C /* Mocks */,
				518D24822995DA7E00FB1A1C /* Models */,
				515499D02995D4CB00A60713 /* Preview Content */,
				518D24942995F38700FB1A1C /* Resources */,
				518D24992995F8E800FB1A1C /* Utilities */,
				518D24812995DA3600FB1A1C /* View Models */,
				518D24802995DA2900FB1A1C /* Views */,
			);
			path = HomeRentalManager;
			sourceTree = "<group>";
		};
		515499D02995D4CB00A60713 /* Preview Content */ = {
			isa = PBXGroup;
			children = (
				515499D12995D4CB00A60713 /* Preview Assets.xcassets */,
			);
			path = "Preview Content";
			sourceTree = "<group>";
		};
		515499DA2995D4CB00A60713 /* HomeRentalManagerTests */ = {
			isa = PBXGroup;
			children = (
				515499DB2995D4CB00A60713 /* DogEncyclopediaTests.swift */,
			);
			path = HomeRentalManagerTests;
			sourceTree = "<group>";
		};
		515499E42995D4CB00A60713 /* HomeRentalManagerUITests */ = {
			isa = PBXGroup;
			children = (
				515499E52995D4CB00A60713 /* DogEncyclopediaUITests.swift */,
				515499E72995D4CB00A60713 /* DogEncyclopediaUITestsLaunchTests.swift */,
			);
			path = HomeRentalManagerUITests;
			sourceTree = "<group>";
		};
		518D24802995DA2900FB1A1C /* Views */ = {
			isa = PBXGroup;
			children = (
				518D24832995DABD00FB1A1C /* Component Views */,
				518D24842995DADE00FB1A1C /* Main Views */,
				518D24882995DC8A00FB1A1C /* StartingView.swift */,
				515499CC2995D4CA00A60713 /* ContentView.swift */,
			);
			path = Views;
			sourceTree = "<group>";
		};
		518D24812995DA3600FB1A1C /* View Models */ = {
			isa = PBXGroup;
			children = (
				518D24A12995FA3900FB1A1C /* CardViewModel.swift */,
				51BC87B5299879FB005DAFE0 /* HomeViewModel.swift */,
				51BC87C429988ACA005DAFE0 /* RentalFormViewModel.swift */,
				517A9BF52999D48D00620EBD /* ElectricityBillViewModel.swift */,
				517A9BFD2999D54C00620EBD /* ElectricityBillFormViewModel.swift */,
			);
			path = "View Models";
			sourceTree = "<group>";
		};
		518D24822995DA7E00FB1A1C /* Models */ = {
			isa = PBXGroup;
			children = (
				51BC87C829988F68005DAFE0 /* Realm Objects */,
				518D249C2995F9F900FB1A1C /* CardModel.swift */,
				517A9BFF2999D59100620EBD /* ElectricityBillModel.swift */,
				51BC87B729987A41005DAFE0 /* RentalModel.swift */,
			);
			path = Models;
			sourceTree = "<group>";
		};
		518D24832995DABD00FB1A1C /* Component Views */ = {
			isa = PBXGroup;
			children = (
				518D248D2995E45A00FB1A1C /* CardView.swift */,
				518D248F2995EB7100FB1A1C /* DCCachedAsyncImage.swift */,
				51BC87CD29989D02005DAFE0 /* EditableHomeRentalRow.swift */,
				51BC87BD29987F9F005DAFE0 /* InputFieldView.swift */,
				518D24A32995FD2200FB1A1C /* RoundButtonView.swift */,
				517A9BF32999BF1F00620EBD /* SimpleReportView.swift */,
				517A9C032999DC6700620EBD /* InputDateView.swift */,
				517A9C052999E0C500620EBD /* RoundRectangleButtonView.swift */,
			);
			path = "Component Views";
			sourceTree = "<group>";
		};
		518D24842995DADE00FB1A1C /* Main Views */ = {
			isa = PBXGroup;
			children = (
				51BC87B3299878DB005DAFE0 /* HomeView.swift */,
				518D248A2995DE7900FB1A1C /* MainTabsView.swift */,
				51BC87BB29987F25005DAFE0 /* RentalFormView.swift */,
				517A9BF12999B9D900620EBD /* ElectricityBillView.swift */,
				517A9BF92999D50100620EBD /* ElectricityBillFormView.swift */,
			);
			path = "Main Views";
			sourceTree = "<group>";
		};
		518D24852995DB7C00FB1A1C /* Core */ = {
			isa = PBXGroup;
			children = (
				518D24862995DB8800FB1A1C /* AppDelegate.swift */,
			);
			path = Core;
			sourceTree = "<group>";
		};
		518D248C2995E03D00FB1A1C /* Extensions */ = {
			isa = PBXGroup;
			children = (
				51BC87CB299894CD005DAFE0 /* NSNotification+Extensions.swift */,
				517A9C072999E6E100620EBD /* Date+Extensions.swift */,
				517A9C092999F57E00620EBD /* Double+Extensions.swift */,
			);
			path = Extensions;
			sourceTree = "<group>";
		};
		518D24942995F38700FB1A1C /* Resources */ = {
			isa = PBXGroup;
			children = (
				518D24952995F3B800FB1A1C /* AppColors.xcassets */,
				518D24972995F42300FB1A1C /* AppColor.swift */,
			);
			path = Resources;
			sourceTree = "<group>";
		};
		518D24992995F8E800FB1A1C /* Utilities */ = {
			isa = PBXGroup;
			children = (
				518D249A2995F90400FB1A1C /* ViewGeometry.swift */,
				51000050299B3E9500BFBC1E /* Alerts.swift */,
			);
			path = Utilities;
			sourceTree = "<group>";
		};
		518D249E2995FA0C00FB1A1C /* Mocks */ = {
			isa = PBXGroup;
			children = (
				518D249F2995FA2400FB1A1C /* CardViewModelMockData.swift */,
				51BC87C629988B7A005DAFE0 /* RentalFormMockData.swift */,
				51BC87B929987B7D005DAFE0 /* HomeMockData.swift */,
				517A9BF72999D4C000620EBD /* ElectricityBillMockData.swift */,
				517A9BFB2999D53400620EBD /* ElectricityBillFormMockData.swift */,
			);
			path = Mocks;
			sourceTree = "<group>";
		};
		51BC87C829988F68005DAFE0 /* Realm Objects */ = {
			isa = PBXGroup;
			children = (
				51BC87C929988F7C005DAFE0 /* RentalObjectModel.swift */,
				517A9C012999D6ED00620EBD /* ElectricityBillObjectModel.swift */,
			);
			path = "Realm Objects";
			sourceTree = "<group>";
		};
/* End PBXGroup section */

/* Begin PBXNativeTarget section */
		515499C62995D4CA00A60713 /* HomeRentalManager */ = {
			isa = PBXNativeTarget;
			buildConfigurationList = 515499EB2995D4CB00A60713 /* Build configuration list for PBXNativeTarget "HomeRentalManager" */;
			buildPhases = (
				515499C32995D4CA00A60713 /* Sources */,
				515499C42995D4CA00A60713 /* Frameworks */,
				515499C52995D4CA00A60713 /* Resources */,
			);
			buildRules = (
			);
			dependencies = (
			);
			name = HomeRentalManager;
			packageProductDependencies = (
				518D24922995ED0200FB1A1C /* CachedAsyncImage */,
				51BC87C02998881D005DAFE0 /* Realm */,
				51BC87C22998881D005DAFE0 /* RealmSwift */,
			);
			productName = DogEncyclopedia;
			productReference = 515499C72995D4CA00A60713 /* HomeRentalManager.app */;
			productType = "com.apple.product-type.application";
		};
		515499D62995D4CB00A60713 /* HomeRentalManagerTests */ = {
			isa = PBXNativeTarget;
			buildConfigurationList = 515499EE2995D4CB00A60713 /* Build configuration list for PBXNativeTarget "HomeRentalManagerTests" */;
			buildPhases = (
				515499D32995D4CB00A60713 /* Sources */,
				515499D42995D4CB00A60713 /* Frameworks */,
				515499D52995D4CB00A60713 /* Resources */,
			);
			buildRules = (
			);
			dependencies = (
				515499D92995D4CB00A60713 /* PBXTargetDependency */,
			);
			name = HomeRentalManagerTests;
			productName = DogEncyclopediaTests;
			productReference = 515499D72995D4CB00A60713 /* HomeRentalManagerTests.xctest */;
			productType = "com.apple.product-type.bundle.unit-test";
		};
		515499E02995D4CB00A60713 /* HomeRentalManagerUITests */ = {
			isa = PBXNativeTarget;
			buildConfigurationList = 515499F12995D4CB00A60713 /* Build configuration list for PBXNativeTarget "HomeRentalManagerUITests" */;
			buildPhases = (
				515499DD2995D4CB00A60713 /* Sources */,
				515499DE2995D4CB00A60713 /* Frameworks */,
				515499DF2995D4CB00A60713 /* Resources */,
			);
			buildRules = (
			);
			dependencies = (
				515499E32995D4CB00A60713 /* PBXTargetDependency */,
			);
			name = HomeRentalManagerUITests;
			productName = DogEncyclopediaUITests;
			productReference = 515499E12995D4CB00A60713 /* HomeRentalManagerUITests.xctest */;
			productType = "com.apple.product-type.bundle.ui-testing";
		};
/* End PBXNativeTarget section */

/* Begin PBXProject section */
		515499BF2995D4CA00A60713 /* Project object */ = {
			isa = PBXProject;
			attributes = {
				BuildIndependentTargetsInParallel = 1;
				LastSwiftUpdateCheck = 1420;
				LastUpgradeCheck = 1420;
				TargetAttributes = {
					515499C62995D4CA00A60713 = {
						CreatedOnToolsVersion = 14.2;
					};
					515499D62995D4CB00A60713 = {
						CreatedOnToolsVersion = 14.2;
						TestTargetID = 515499C62995D4CA00A60713;
					};
					515499E02995D4CB00A60713 = {
						CreatedOnToolsVersion = 14.2;
						TestTargetID = 515499C62995D4CA00A60713;
					};
				};
			};
			buildConfigurationList = 515499C22995D4CA00A60713 /* Build configuration list for PBXProject "HomeRentalManager" */;
			compatibilityVersion = "Xcode 14.0";
			developmentRegion = en;
			hasScannedForEncodings = 0;
			knownRegions = (
				en,
				Base,
			);
			mainGroup = 515499BE2995D4CA00A60713;
			packageReferences = (
				518D24912995ED0200FB1A1C /* XCRemoteSwiftPackageReference "swiftui-cached-async-image" */,
				51BC87BF2998881D005DAFE0 /* XCRemoteSwiftPackageReference "realm-swift" */,
			);
			productRefGroup = 515499C82995D4CA00A60713 /* Products */;
			projectDirPath = "";
			projectRoot = "";
			targets = (
				515499C62995D4CA00A60713 /* HomeRentalManager */,
				515499D62995D4CB00A60713 /* HomeRentalManagerTests */,
				515499E02995D4CB00A60713 /* HomeRentalManagerUITests */,
			);
		};
/* End PBXProject section */

/* Begin PBXResourcesBuildPhase section */
		515499C52995D4CA00A60713 /* Resources */ = {
			isa = PBXResourcesBuildPhase;
			buildActionMask = 2147483647;
			files = (
				515499D22995D4CB00A60713 /* Preview Assets.xcassets in Resources */,
				515499CF2995D4CB00A60713 /* Assets.xcassets in Resources */,
				518D24962995F3B800FB1A1C /* AppColors.xcassets in Resources */,
			);
			runOnlyForDeploymentPostprocessing = 0;
		};
		515499D52995D4CB00A60713 /* Resources */ = {
			isa = PBXResourcesBuildPhase;
			buildActionMask = 2147483647;
			files = (
			);
			runOnlyForDeploymentPostprocessing = 0;
		};
		515499DF2995D4CB00A60713 /* Resources */ = {
			isa = PBXResourcesBuildPhase;
			buildActionMask = 2147483647;
			files = (
			);
			runOnlyForDeploymentPostprocessing = 0;
		};
/* End PBXResourcesBuildPhase section */

/* Begin PBXSourcesBuildPhase section */
		515499C32995D4CA00A60713 /* Sources */ = {
			isa = PBXSourcesBuildPhase;
			buildActionMask = 2147483647;
			files = (
				517A9C0A2999F57E00620EBD /* Double+Extensions.swift in Sources */,
				518D249B2995F90400FB1A1C /* ViewGeometry.swift in Sources */,
				51BC87BA29987B7D005DAFE0 /* HomeMockData.swift in Sources */,
				51BC87B4299878DB005DAFE0 /* HomeView.swift in Sources */,
				518D24892995DC8A00FB1A1C /* StartingView.swift in Sources */,
				51BC87BC29987F25005DAFE0 /* RentalFormView.swift in Sources */,
				51BC87B829987A41005DAFE0 /* RentalModel.swift in Sources */,
				517A9BFA2999D50100620EBD /* ElectricityBillFormView.swift in Sources */,
				518D24982995F42300FB1A1C /* AppColor.swift in Sources */,
				518D24872995DB8800FB1A1C /* AppDelegate.swift in Sources */,
				515499CD2995D4CA00A60713 /* ContentView.swift in Sources */,
				517A9C002999D59100620EBD /* ElectricityBillModel.swift in Sources */,
				518D24A42995FD2200FB1A1C /* RoundButtonView.swift in Sources */,
				517A9C022999D6ED00620EBD /* ElectricityBillObjectModel.swift in Sources */,
				517A9BF42999BF1F00620EBD /* SimpleReportView.swift in Sources */,
				517A9C062999E0C500620EBD /* RoundRectangleButtonView.swift in Sources */,
				51BC87C529988ACA005DAFE0 /* RentalFormViewModel.swift in Sources */,
				517A9BFE2999D54C00620EBD /* ElectricityBillFormViewModel.swift in Sources */,
				518D24902995EB7100FB1A1C /* DCCachedAsyncImage.swift in Sources */,
				517A9BF22999B9D900620EBD /* ElectricityBillView.swift in Sources */,
				51000051299B3E9500BFBC1E /* Alerts.swift in Sources */,
				51BC87C729988B7A005DAFE0 /* RentalFormMockData.swift in Sources */,
				517A9BFC2999D53400620EBD /* ElectricityBillFormMockData.swift in Sources */,
				515499CB2995D4CA00A60713 /* HomeRentalManagerApp.swift in Sources */,
				517A9C042999DC6700620EBD /* InputDateView.swift in Sources */,
				517A9BF82999D4C000620EBD /* ElectricityBillMockData.swift in Sources */,
				51BC87CA29988F7C005DAFE0 /* RentalObjectModel.swift in Sources */,
				518D248E2995E45A00FB1A1C /* CardView.swift in Sources */,
				518D24A22995FA3900FB1A1C /* CardViewModel.swift in Sources */,
				518D248B2995DE7900FB1A1C /* MainTabsView.swift in Sources */,
				518D249D2995F9F900FB1A1C /* CardModel.swift in Sources */,
				517A9C082999E6E100620EBD /* Date+Extensions.swift in Sources */,
				51BC87B6299879FB005DAFE0 /* HomeViewModel.swift in Sources */,
				51BC87BE29987F9F005DAFE0 /* InputFieldView.swift in Sources */,
				51BC87CC299894CD005DAFE0 /* NSNotification+Extensions.swift in Sources */,
				517A9BF62999D48D00620EBD /* ElectricityBillViewModel.swift in Sources */,
				518D24A02995FA2400FB1A1C /* CardViewModelMockData.swift in Sources */,
				51BC87CE29989D02005DAFE0 /* EditableHomeRentalRow.swift in Sources */,
			);
			runOnlyForDeploymentPostprocessing = 0;
		};
		515499D32995D4CB00A60713 /* Sources */ = {
			isa = PBXSourcesBuildPhase;
			buildActionMask = 2147483647;
			files = (
				515499DC2995D4CB00A60713 /* DogEncyclopediaTests.swift in Sources */,
			);
			runOnlyForDeploymentPostprocessing = 0;
		};
		515499DD2995D4CB00A60713 /* Sources */ = {
			isa = PBXSourcesBuildPhase;
			buildActionMask = 2147483647;
			files = (
				515499E62995D4CB00A60713 /* DogEncyclopediaUITests.swift in Sources */,
				515499E82995D4CB00A60713 /* DogEncyclopediaUITestsLaunchTests.swift in Sources */,
			);
			runOnlyForDeploymentPostprocessing = 0;
		};
/* End PBXSourcesBuildPhase section */

/* Begin PBXTargetDependency section */
		515499D92995D4CB00A60713 /* PBXTargetDependency */ = {
			isa = PBXTargetDependency;
			target = 515499C62995D4CA00A60713 /* HomeRentalManager */;
			targetProxy = 515499D82995D4CB00A60713 /* PBXContainerItemProxy */;
		};
		515499E32995D4CB00A60713 /* PBXTargetDependency */ = {
			isa = PBXTargetDependency;
			target = 515499C62995D4CA00A60713 /* HomeRentalManager */;
			targetProxy = 515499E22995D4CB00A60713 /* PBXContainerItemProxy */;
		};
/* End PBXTargetDependency section */

/* Begin XCBuildConfiguration section */
		515499E92995D4CB00A60713 /* Debug */ = {
			isa = XCBuildConfiguration;
			buildSettings = {
				ALWAYS_SEARCH_USER_PATHS = NO;
				CLANG_ANALYZER_NONNULL = YES;
				CLANG_ANALYZER_NUMBER_OBJECT_CONVERSION = YES_AGGRESSIVE;
				CLANG_CXX_LANGUAGE_STANDARD = "gnu++20";
				CLANG_ENABLE_MODULES = YES;
				CLANG_ENABLE_OBJC_ARC = YES;
				CLANG_ENABLE_OBJC_WEAK = YES;
				CLANG_WARN_BLOCK_CAPTURE_AUTORELEASING = YES;
				CLANG_WARN_BOOL_CONVERSION = YES;
				CLANG_WARN_COMMA = YES;
				CLANG_WARN_CONSTANT_CONVERSION = YES;
				CLANG_WARN_DEPRECATED_OBJC_IMPLEMENTATIONS = YES;
				CLANG_WARN_DIRECT_OBJC_ISA_USAGE = YES_ERROR;
				CLANG_WARN_DOCUMENTATION_COMMENTS = YES;
				CLANG_WARN_EMPTY_BODY = YES;
				CLANG_WARN_ENUM_CONVERSION = YES;
				CLANG_WARN_INFINITE_RECURSION = YES;
				CLANG_WARN_INT_CONVERSION = YES;
				CLANG_WARN_NON_LITERAL_NULL_CONVERSION = YES;
				CLANG_WARN_OBJC_IMPLICIT_RETAIN_SELF = YES;
				CLANG_WARN_OBJC_LITERAL_CONVERSION = YES;
				CLANG_WARN_OBJC_ROOT_CLASS = YES_ERROR;
				CLANG_WARN_QUOTED_INCLUDE_IN_FRAMEWORK_HEADER = YES;
				CLANG_WARN_RANGE_LOOP_ANALYSIS = YES;
				CLANG_WARN_STRICT_PROTOTYPES = YES;
				CLANG_WARN_SUSPICIOUS_MOVE = YES;
				CLANG_WARN_UNGUARDED_AVAILABILITY = YES_AGGRESSIVE;
				CLANG_WARN_UNREACHABLE_CODE = YES;
				CLANG_WARN__DUPLICATE_METHOD_MATCH = YES;
				COPY_PHASE_STRIP = NO;
				DEBUG_INFORMATION_FORMAT = dwarf;
				ENABLE_STRICT_OBJC_MSGSEND = YES;
				ENABLE_TESTABILITY = YES;
				GCC_C_LANGUAGE_STANDARD = gnu11;
				GCC_DYNAMIC_NO_PIC = NO;
				GCC_NO_COMMON_BLOCKS = YES;
				GCC_OPTIMIZATION_LEVEL = 0;
				GCC_PREPROCESSOR_DEFINITIONS = (
					"DEBUG=1",
					"$(inherited)",
				);
				GCC_WARN_64_TO_32_BIT_CONVERSION = YES;
				GCC_WARN_ABOUT_RETURN_TYPE = YES_ERROR;
				GCC_WARN_UNDECLARED_SELECTOR = YES;
				GCC_WARN_UNINITIALIZED_AUTOS = YES_AGGRESSIVE;
				GCC_WARN_UNUSED_FUNCTION = YES;
				GCC_WARN_UNUSED_VARIABLE = YES;
				IPHONEOS_DEPLOYMENT_TARGET = 15.0;
				MTL_ENABLE_DEBUG_INFO = INCLUDE_SOURCE;
				MTL_FAST_MATH = YES;
				ONLY_ACTIVE_ARCH = YES;
				SDKROOT = iphoneos;
				SWIFT_ACTIVE_COMPILATION_CONDITIONS = DEBUG;
				SWIFT_OPTIMIZATION_LEVEL = "-Onone";
			};
			name = Debug;
		};
		515499EA2995D4CB00A60713 /* Release */ = {
			isa = XCBuildConfiguration;
			buildSettings = {
				ALWAYS_SEARCH_USER_PATHS = NO;
				CLANG_ANALYZER_NONNULL = YES;
				CLANG_ANALYZER_NUMBER_OBJECT_CONVERSION = YES_AGGRESSIVE;
				CLANG_CXX_LANGUAGE_STANDARD = "gnu++20";
				CLANG_ENABLE_MODULES = YES;
				CLANG_ENABLE_OBJC_ARC = YES;
				CLANG_ENABLE_OBJC_WEAK = YES;
				CLANG_WARN_BLOCK_CAPTURE_AUTORELEASING = YES;
				CLANG_WARN_BOOL_CONVERSION = YES;
				CLANG_WARN_COMMA = YES;
				CLANG_WARN_CONSTANT_CONVERSION = YES;
				CLANG_WARN_DEPRECATED_OBJC_IMPLEMENTATIONS = YES;
				CLANG_WARN_DIRECT_OBJC_ISA_USAGE = YES_ERROR;
				CLANG_WARN_DOCUMENTATION_COMMENTS = YES;
				CLANG_WARN_EMPTY_BODY = YES;
				CLANG_WARN_ENUM_CONVERSION = YES;
				CLANG_WARN_INFINITE_RECURSION = YES;
				CLANG_WARN_INT_CONVERSION = YES;
				CLANG_WARN_NON_LITERAL_NULL_CONVERSION = YES;
				CLANG_WARN_OBJC_IMPLICIT_RETAIN_SELF = YES;
				CLANG_WARN_OBJC_LITERAL_CONVERSION = YES;
				CLANG_WARN_OBJC_ROOT_CLASS = YES_ERROR;
				CLANG_WARN_QUOTED_INCLUDE_IN_FRAMEWORK_HEADER = YES;
				CLANG_WARN_RANGE_LOOP_ANALYSIS = YES;
				CLANG_WARN_STRICT_PROTOTYPES = YES;
				CLANG_WARN_SUSPICIOUS_MOVE = YES;
				CLANG_WARN_UNGUARDED_AVAILABILITY = YES_AGGRESSIVE;
				CLANG_WARN_UNREACHABLE_CODE = YES;
				CLANG_WARN__DUPLICATE_METHOD_MATCH = YES;
				COPY_PHASE_STRIP = NO;
				DEBUG_INFORMATION_FORMAT = "dwarf-with-dsym";
				ENABLE_NS_ASSERTIONS = NO;
				ENABLE_STRICT_OBJC_MSGSEND = YES;
				GCC_C_LANGUAGE_STANDARD = gnu11;
				GCC_NO_COMMON_BLOCKS = YES;
				GCC_WARN_64_TO_32_BIT_CONVERSION = YES;
				GCC_WARN_ABOUT_RETURN_TYPE = YES_ERROR;
				GCC_WARN_UNDECLARED_SELECTOR = YES;
				GCC_WARN_UNINITIALIZED_AUTOS = YES_AGGRESSIVE;
				GCC_WARN_UNUSED_FUNCTION = YES;
				GCC_WARN_UNUSED_VARIABLE = YES;
				IPHONEOS_DEPLOYMENT_TARGET = 15.0;
				MTL_ENABLE_DEBUG_INFO = NO;
				MTL_FAST_MATH = YES;
				SDKROOT = iphoneos;
				SWIFT_COMPILATION_MODE = wholemodule;
				SWIFT_OPTIMIZATION_LEVEL = "-O";
				VALIDATE_PRODUCT = YES;
			};
			name = Release;
		};
		515499EC2995D4CB00A60713 /* Debug */ = {
			isa = XCBuildConfiguration;
			buildSettings = {
				ASSETCATALOG_COMPILER_APPICON_NAME = AppIcon;
				ASSETCATALOG_COMPILER_GLOBAL_ACCENT_COLOR_NAME = AccentColor;
				CODE_SIGN_IDENTITY = "Apple Development";
				CODE_SIGN_STYLE = Automatic;
				CURRENT_PROJECT_VERSION = 1;
				DEVELOPMENT_ASSET_PATHS = "\"HomeRentalManager/Preview Content\"";
				DEVELOPMENT_TEAM = 755RD5V3ZB;
				ENABLE_PREVIEWS = YES;
				GENERATE_INFOPLIST_FILE = YES;
				INFOPLIST_KEY_UIApplicationSceneManifest_Generation = YES;
				INFOPLIST_KEY_UIApplicationSupportsIndirectInputEvents = YES;
				INFOPLIST_KEY_UILaunchScreen_Generation = YES;
				INFOPLIST_KEY_UISupportedInterfaceOrientations_iPad = "UIInterfaceOrientationPortrait UIInterfaceOrientationPortraitUpsideDown UIInterfaceOrientationLandscapeLeft UIInterfaceOrientationLandscapeRight";
				INFOPLIST_KEY_UISupportedInterfaceOrientations_iPhone = "UIInterfaceOrientationPortrait UIInterfaceOrientationLandscapeLeft UIInterfaceOrientationLandscapeRight";
				LD_RUNPATH_SEARCH_PATHS = (
					"$(inherited)",
					"@executable_path/Frameworks",
				);
				MARKETING_VERSION = 1.0;
				PRODUCT_BUNDLE_IDENTIFIER = com.jacobpotolin.HomeRentalManager;
				PRODUCT_NAME = "$(TARGET_NAME)";
				PROVISIONING_PROFILE_SPECIFIER = "";
				SUPPORTED_PLATFORMS = "iphoneos iphonesimulator";
				SUPPORTS_MACCATALYST = NO;
				SUPPORTS_MAC_DESIGNED_FOR_IPHONE_IPAD = NO;
				SWIFT_EMIT_LOC_STRINGS = YES;
				SWIFT_VERSION = 5.0;
				TARGETED_DEVICE_FAMILY = 1;
			};
			name = Debug;
		};
		515499ED2995D4CB00A60713 /* Release */ = {
			isa = XCBuildConfiguration;
			buildSettings = {
				ASSETCATALOG_COMPILER_APPICON_NAME = AppIcon;
				ASSETCATALOG_COMPILER_GLOBAL_ACCENT_COLOR_NAME = AccentColor;
				CODE_SIGN_IDENTITY = "Apple Development";
				CODE_SIGN_STYLE = Automatic;
				CURRENT_PROJECT_VERSION = 1;
				DEVELOPMENT_ASSET_PATHS = "\"HomeRentalManager/Preview Content\"";
				DEVELOPMENT_TEAM = 755RD5V3ZB;
				ENABLE_PREVIEWS = YES;
				GENERATE_INFOPLIST_FILE = YES;
				INFOPLIST_KEY_UIApplicationSceneManifest_Generation = YES;
				INFOPLIST_KEY_UIApplicationSupportsIndirectInputEvents = YES;
				INFOPLIST_KEY_UILaunchScreen_Generation = YES;
				INFOPLIST_KEY_UISupportedInterfaceOrientations_iPad = "UIInterfaceOrientationPortrait UIInterfaceOrientationPortraitUpsideDown UIInterfaceOrientationLandscapeLeft UIInterfaceOrientationLandscapeRight";
				INFOPLIST_KEY_UISupportedInterfaceOrientations_iPhone = "UIInterfaceOrientationPortrait UIInterfaceOrientationLandscapeLeft UIInterfaceOrientationLandscapeRight";
				LD_RUNPATH_SEARCH_PATHS = (
					"$(inherited)",
					"@executable_path/Frameworks",
				);
				MARKETING_VERSION = 1.0;
				PRODUCT_BUNDLE_IDENTIFIER = com.jacobpotolin.HomeRentalManager;
				PRODUCT_NAME = "$(TARGET_NAME)";
				PROVISIONING_PROFILE_SPECIFIER = "";
				SUPPORTED_PLATFORMS = "iphoneos iphonesimulator";
				SUPPORTS_MACCATALYST = NO;
				SUPPORTS_MAC_DESIGNED_FOR_IPHONE_IPAD = NO;
				SWIFT_EMIT_LOC_STRINGS = YES;
				SWIFT_VERSION = 5.0;
				TARGETED_DEVICE_FAMILY = 1;
			};
			name = Release;
		};
		515499EF2995D4CB00A60713 /* Debug */ = {
			isa = XCBuildConfiguration;
			buildSettings = {
				ALWAYS_EMBED_SWIFT_STANDARD_LIBRARIES = YES;
				BUNDLE_LOADER = "$(TEST_HOST)";
				CODE_SIGN_STYLE = Automatic;
				CURRENT_PROJECT_VERSION = 1;
				GENERATE_INFOPLIST_FILE = YES;
				IPHONEOS_DEPLOYMENT_TARGET = 16.2;
				MARKETING_VERSION = 1.0;
				PRODUCT_BUNDLE_IDENTIFIER = com.jacobpotolin.HomeRentalManagerTests;
				PRODUCT_NAME = "$(TARGET_NAME)";
				SWIFT_EMIT_LOC_STRINGS = NO;
				SWIFT_VERSION = 5.0;
				TARGETED_DEVICE_FAMILY = "1,2";
				TEST_HOST = "$(BUILT_PRODUCTS_DIR)/HomeRentalManager.app/$(BUNDLE_EXECUTABLE_FOLDER_PATH)/HomeRentalManager";
			};
			name = Debug;
		};
		515499F02995D4CB00A60713 /* Release */ = {
			isa = XCBuildConfiguration;
			buildSettings = {
				ALWAYS_EMBED_SWIFT_STANDARD_LIBRARIES = YES;
				BUNDLE_LOADER = "$(TEST_HOST)";
				CODE_SIGN_STYLE = Automatic;
				CURRENT_PROJECT_VERSION = 1;
				GENERATE_INFOPLIST_FILE = YES;
				IPHONEOS_DEPLOYMENT_TARGET = 16.2;
				MARKETING_VERSION = 1.0;
				PRODUCT_BUNDLE_IDENTIFIER = com.jacobpotolin.HomeRentalManagerTests;
				PRODUCT_NAME = "$(TARGET_NAME)";
				SWIFT_EMIT_LOC_STRINGS = NO;
				SWIFT_VERSION = 5.0;
				TARGETED_DEVICE_FAMILY = "1,2";
				TEST_HOST = "$(BUILT_PRODUCTS_DIR)/HomeRentalManager.app/$(BUNDLE_EXECUTABLE_FOLDER_PATH)/HomeRentalManager";
			};
			name = Release;
		};
		515499F22995D4CB00A60713 /* Debug */ = {
			isa = XCBuildConfiguration;
			buildSettings = {
				ALWAYS_EMBED_SWIFT_STANDARD_LIBRARIES = YES;
				CODE_SIGN_STYLE = Automatic;
				CURRENT_PROJECT_VERSION = 1;
				GENERATE_INFOPLIST_FILE = YES;
				MARKETING_VERSION = 1.0;
				PRODUCT_BUNDLE_IDENTIFIER = com.jacobpotolin.HomeRentalManagerUITests;
				PRODUCT_NAME = "$(TARGET_NAME)";
				SWIFT_EMIT_LOC_STRINGS = NO;
				SWIFT_VERSION = 5.0;
				TARGETED_DEVICE_FAMILY = "1,2";
				TEST_TARGET_NAME = HomeRentalManager;
			};
			name = Debug;
		};
		515499F32995D4CB00A60713 /* Release */ = {
			isa = XCBuildConfiguration;
			buildSettings = {
				ALWAYS_EMBED_SWIFT_STANDARD_LIBRARIES = YES;
				CODE_SIGN_STYLE = Automatic;
				CURRENT_PROJECT_VERSION = 1;
				GENERATE_INFOPLIST_FILE = YES;
				MARKETING_VERSION = 1.0;
				PRODUCT_BUNDLE_IDENTIFIER = com.jacobpotolin.HomeRentalManagerUITests;
				PRODUCT_NAME = "$(TARGET_NAME)";
				SWIFT_EMIT_LOC_STRINGS = NO;
				SWIFT_VERSION = 5.0;
				TARGETED_DEVICE_FAMILY = "1,2";
				TEST_TARGET_NAME = HomeRentalManager;
			};
			name = Release;
		};
/* End XCBuildConfiguration section */

/* Begin XCConfigurationList section */
		515499C22995D4CA00A60713 /* Build configuration list for PBXProject "HomeRentalManager" */ = {
			isa = XCConfigurationList;
			buildConfigurations = (
				515499E92995D4CB00A60713 /* Debug */,
				515499EA2995D4CB00A60713 /* Release */,
			);
			defaultConfigurationIsVisible = 0;
			defaultConfigurationName = Release;
		};
		515499EB2995D4CB00A60713 /* Build configuration list for PBXNativeTarget "HomeRentalManager" */ = {
			isa = XCConfigurationList;
			buildConfigurations = (
				515499EC2995D4CB00A60713 /* Debug */,
				515499ED2995D4CB00A60713 /* Release */,
			);
			defaultConfigurationIsVisible = 0;
			defaultConfigurationName = Release;
		};
		515499EE2995D4CB00A60713 /* Build configuration list for PBXNativeTarget "HomeRentalManagerTests" */ = {
			isa = XCConfigurationList;
			buildConfigurations = (
				515499EF2995D4CB00A60713 /* Debug */,
				515499F02995D4CB00A60713 /* Release */,
			);
			defaultConfigurationIsVisible = 0;
			defaultConfigurationName = Release;
		};
		515499F12995D4CB00A60713 /* Build configuration list for PBXNativeTarget "HomeRentalManagerUITests" */ = {
			isa = XCConfigurationList;
			buildConfigurations = (
				515499F22995D4CB00A60713 /* Debug */,
				515499F32995D4CB00A60713 /* Release */,
			);
			defaultConfigurationIsVisible = 0;
			defaultConfigurationName = Release;
		};
/* End XCConfigurationList section */

/* Begin XCRemoteSwiftPackageReference section */
		518D24912995ED0200FB1A1C /* XCRemoteSwiftPackageReference "swiftui-cached-async-image" */ = {
			isa = XCRemoteSwiftPackageReference;
			repositoryURL = "https://github.com/lorenzofiamingo/swiftui-cached-async-image";
			requirement = {
				branch = main;
				kind = branch;
			};
		};
		51BC87BF2998881D005DAFE0 /* XCRemoteSwiftPackageReference "realm-swift" */ = {
			isa = XCRemoteSwiftPackageReference;
			repositoryURL = "https://github.com/realm/realm-swift.git";
			requirement = {
				kind = exactVersion;
				version = 10.19.0;
			};
		};
/* End XCRemoteSwiftPackageReference section */

/* Begin XCSwiftPackageProductDependency section */
		518D24922995ED0200FB1A1C /* CachedAsyncImage */ = {
			isa = XCSwiftPackageProductDependency;
			package = 518D24912995ED0200FB1A1C /* XCRemoteSwiftPackageReference "swiftui-cached-async-image" */;
			productName = CachedAsyncImage;
		};
		51BC87C02998881D005DAFE0 /* Realm */ = {
			isa = XCSwiftPackageProductDependency;
			package = 51BC87BF2998881D005DAFE0 /* XCRemoteSwiftPackageReference "realm-swift" */;
			productName = Realm;
		};
		51BC87C22998881D005DAFE0 /* RealmSwift */ = {
			isa = XCSwiftPackageProductDependency;
			package = 51BC87BF2998881D005DAFE0 /* XCRemoteSwiftPackageReference "realm-swift" */;
			productName = RealmSwift;
		};
/* End XCSwiftPackageProductDependency section */
	};
	rootObject = 515499BF2995D4CA00A60713 /* Project object */;
}
